
Microsoft Visual Studio Solution File, Format Version 12.00
# Visual Studio 15
VisualStudioVersion = 15.0.27428.2015
MinimumVisualStudioVersion = 10.0.40219.1
Project("{FAE04EC0-301F-11D3-BF4B-00C04F79EFBC}") = "PrimMaze", "WpfApp1\PrimMaze.csproj", "{6D523C9D-077A-4813-AA5C-76A017AA2C21}"
EndProject
Global
	GlobalSection(SolutionConfigurationPlatforms) = preSolution
		Debug|Any CPU = Debug|Any CPU
		Release|Any CPU = Release|Any CPU
	EndGlobalSection
	GlobalSection(ProjectConfigurationPlatforms) = postSolution
		{6D523C9D-077A-4813-AA5C-76A017AA2C21}.Debug|Any CPU.ActiveCfg = Debug|Any CPU
		{6D523C9D-077A-4813-AA5C-76A017AA2C21}.Debug|Any CPU.Build.0 = Debug|Any CPU
		{6D523C9D-077A-4813-AA5C-76A017AA2C21}.Release|Any CPU.ActiveCfg = Release|Any CPU
		{6D523C9D-077A-4813-AA5C-76A017AA2C21}.Release|Any CPU.Build.0 = Release|Any CPU
	EndGlobalSection
	GlobalSection(SolutionProperties) = preSolution
		HideSolutionNode = FALSE
	EndGlobalSection
	GlobalSection(ExtensibilityGlobals) = postSolution
		SolutionGuid = {3B11D6CE-7E9C-4252-9684-5AA0DF2BF2AF}
	EndGlobalSection
EndGlobal
